
Microsoft Visual Studio Solution File, Format Version 12.00
# Visual Studio Version 17
VisualStudioVersion = 17.10.34916.146
MinimumVisualStudioVersion = 10.0.40219.1
Project("{FAE04EC0-301F-11D3-BF4B-00C04F79EFBC}") = "Projekt", "AvaloniaApplication1\Projekt.csproj", "{4B7EBEED-0863-4ECD-93B8-A35C175C6A1C}"
EndProject
Global
	GlobalSection(SolutionConfigurationPlatforms) = preSolution
		Debug|Any CPU = Debug|Any CPU
		Release|Any CPU = Release|Any CPU
	EndGlobalSection
	GlobalSection(ProjectConfigurationPlatforms) = postSolution
		{4B7EBEED-0863-4ECD-93B8-A35C175C6A1C}.Debug|Any CPU.ActiveCfg = Debug|Any CPU
		{4B7EBEED-0863-4ECD-93B8-A35C175C6A1C}.Debug|Any CPU.Build.0 = Debug|Any CPU
		{4B7EBEED-0863-4ECD-93B8-A35C175C6A1C}.Release|Any CPU.ActiveCfg = Release|Any CPU
		{4B7EBEED-0863-4ECD-93B8-A35C175C6A1C}.Release|Any CPU.Build.0 = Release|Any CPU
	EndGlobalSection
	GlobalSection(SolutionProperties) = preSolution
		HideSolutionNode = FALSE
	EndGlobalSection
	GlobalSection(ExtensibilityGlobals) = postSolution
		SolutionGuid = {5AA4699C-B65B-4B42-8019-153F0DB84AE8}
	EndGlobalSection
EndGlobal
